// !$*UTF8*$!
{
	archiveVersion = 1;
	classes = {
	};
	objectVersion = 60;
	objects = {

/* Begin PBXBuildFile section */
		BC039E542B137F7D00EA4CC9 /* AppDelegate.swift in Sources */ = {isa = PBXBuildFile; fileRef = BC039E532B137F7D00EA4CC9 /* AppDelegate.swift */; };
		BC039E582B137F7D00EA4CC9 /* ViewController.swift in Sources */ = {isa = PBXBuildFile; fileRef = BC039E572B137F7D00EA4CC9 /* ViewController.swift */; };
		BC039E5B2B137F7D00EA4CC9 /* Main.storyboard in Resources */ = {isa = PBXBuildFile; fileRef = BC039E592B137F7D00EA4CC9 /* Main.storyboard */; };
		BC039E5D2B137F8000EA4CC9 /* Assets.xcassets in Resources */ = {isa = PBXBuildFile; fileRef = BC039E5C2B137F8000EA4CC9 /* Assets.xcassets */; };
		BC039E602B137F8000EA4CC9 /* LaunchScreen.storyboard in Resources */ = {isa = PBXBuildFile; fileRef = BC039E5E2B137F8000EA4CC9 /* LaunchScreen.storyboard */; };
		BC079A532B2C449A002C9B40 /* MVCViewController.swift in Sources */ = {isa = PBXBuildFile; fileRef = BC079A522B2C449A002C9B40 /* MVCViewController.swift */; };
		BC079A562B2C4A61002C9B40 /* ThrottledTextFieldValidator.swift in Sources */ = {isa = PBXBuildFile; fileRef = BC079A552B2C4A61002C9B40 /* ThrottledTextFieldValidator.swift */; };
		BC079A582B2C4D8D002C9B40 /* Throttle.swift in Sources */ = {isa = PBXBuildFile; fileRef = BC079A572B2C4D8D002C9B40 /* Throttle.swift */; };
		BC079A5A2B2C4E31002C9B40 /* CancellableReposFetcher.swift in Sources */ = {isa = PBXBuildFile; fileRef = BC079A592B2C4E31002C9B40 /* CancellableReposFetcher.swift */; };
		BC079A5C2B2C4E9C002C9B40 /* Repo.swift in Sources */ = {isa = PBXBuildFile; fileRef = BC079A5B2B2C4E9C002C9B40 /* Repo.swift */; };
		BC079A5E2B2D78B9002C9B40 /* MyTableViewDataSource.swift in Sources */ = {isa = PBXBuildFile; fileRef = BC079A5D2B2D78B9002C9B40 /* MyTableViewDataSource.swift */; };
		BC079A612B2D8C95002C9B40 /* MVPViewController.swift in Sources */ = {isa = PBXBuildFile; fileRef = BC079A602B2D8C95002C9B40 /* MVPViewController.swift */; };
		BC079A632B2D8D92002C9B40 /* MVPViewModel.swift in Sources */ = {isa = PBXBuildFile; fileRef = BC079A622B2D8D92002C9B40 /* MVPViewModel.swift */; };
		BC26B0392B54EBD900EF0E2D /* MVVMClosuresViewController.swift in Sources */ = {isa = PBXBuildFile; fileRef = BC26B0382B54EBD900EF0E2D /* MVVMClosuresViewController.swift */; };
		BC26B03B2B54EC2A00EF0E2D /* MVVMClosuresViewModel.swift in Sources */ = {isa = PBXBuildFile; fileRef = BC26B03A2B54EC2A00EF0E2D /* MVVMClosuresViewModel.swift */; };
		BC26B0402B5514CA00EF0E2D /* FunctionsSubjectsController.swift in Sources */ = {isa = PBXBuildFile; fileRef = BC26B03F2B5514CA00EF0E2D /* FunctionsSubjectsController.swift */; };
		BC26B0422B5514DB00EF0E2D /* FunctionsSubjectsViewModel.swift in Sources */ = {isa = PBXBuildFile; fileRef = BC26B0412B5514DB00EF0E2D /* FunctionsSubjectsViewModel.swift */; };
		BC26B0442B5514F400EF0E2D /* RxSwiftSubjectsController.swift in Sources */ = {isa = PBXBuildFile; fileRef = BC26B0432B5514F400EF0E2D /* RxSwiftSubjectsController.swift */; };
		BC26B0462B55150100EF0E2D /* RxSwiftSubjectsViewModel.swift in Sources */ = {isa = PBXBuildFile; fileRef = BC26B0452B55150100EF0E2D /* RxSwiftSubjectsViewModel.swift */; };
		BC26B0482B55151F00EF0E2D /* RxSwiftPureViewController.swift in Sources */ = {isa = PBXBuildFile; fileRef = BC26B0472B55151F00EF0E2D /* RxSwiftPureViewController.swift */; };
		BC26B04A2B55152D00EF0E2D /* RxSwiftPureViewModel.swift in Sources */ = {isa = PBXBuildFile; fileRef = BC26B0492B55152D00EF0E2D /* RxSwiftPureViewModel.swift */; };
		BC27D9132B578C5F001A1B17 /* UIViewController+Rx.swift in Sources */ = {isa = PBXBuildFile; fileRef = BC27D9122B578C5F001A1B17 /* UIViewController+Rx.swift */; };
		BC27D9152B57AE7F001A1B17 /* AppEnvironment.swift in Sources */ = {isa = PBXBuildFile; fileRef = BC27D9142B57AE7F001A1B17 /* AppEnvironment.swift */; };
		BC2952622B201BBD008FCD51 /* Navigator.swift in Sources */ = {isa = PBXBuildFile; fileRef = BC2952612B201BBD008FCD51 /* Navigator.swift */; };
		BC2952652B201D9E008FCD51 /* ViewModel.swift in Sources */ = {isa = PBXBuildFile; fileRef = BC2952642B201D9E008FCD51 /* ViewModel.swift */; };
		BC2952742B20226D008FCD51 /* TableView.swift in Sources */ = {isa = PBXBuildFile; fileRef = BC2952732B20226D008FCD51 /* TableView.swift */; };
		BC2952762B20236D008FCD51 /* TableViewController.swift in Sources */ = {isa = PBXBuildFile; fileRef = BC2952752B20236D008FCD51 /* TableViewController.swift */; };
		BC2952782B20238C008FCD51 /* BaseViewController.swift in Sources */ = {isa = PBXBuildFile; fileRef = BC2952772B20238C008FCD51 /* BaseViewController.swift */; };
		BC29527F2B202663008FCD51 /* ActivityIndicator.swift in Sources */ = {isa = PBXBuildFile; fileRef = BC29527D2B202662008FCD51 /* ActivityIndicator.swift */; };
		BC2952812B2027F0008FCD51 /* LogManager.swift in Sources */ = {isa = PBXBuildFile; fileRef = BC2952802B2027EF008FCD51 /* LogManager.swift */; };
		BC2952852B2042AF008FCD51 /* R.generated.swift in Sources */ = {isa = PBXBuildFile; fileRef = BC2952842B2042AF008FCD51 /* R.generated.swift */; };
		BC29528E2B204A5C008FCD51 /* Localizable.strings in Resources */ = {isa = PBXBuildFile; fileRef = BC2952902B204A5C008FCD51 /* Localizable.strings */; };
		BC2952932B2057DA008FCD51 /* NavigationController.swift in Sources */ = {isa = PBXBuildFile; fileRef = BC2952922B2057DA008FCD51 /* NavigationController.swift */; };
		BC2952952B2063D2008FCD51 /* ThemeManager.swift in Sources */ = {isa = PBXBuildFile; fileRef = BC2952942B2063D2008FCD51 /* ThemeManager.swift */; };
		BC29529E2B20CE51008FCD51 /* MySection.swift in Sources */ = {isa = PBXBuildFile; fileRef = BC29529D2B20CE51008FCD51 /* MySection.swift */; };
		BCA509862B18CBF100C37801 /* Application.swift in Sources */ = {isa = PBXBuildFile; fileRef = BCA509852B18CBF100C37801 /* Application.swift */; };
		BCA5098D2B18E53E00C37801 /* LibsManager.swift in Sources */ = {isa = PBXBuildFile; fileRef = BCA5098C2B18E53E00C37801 /* LibsManager.swift */; };
		BCCCC6612B58C923001FB88C /* Navigator+Controller.swift in Sources */ = {isa = PBXBuildFile; fileRef = BCCCC6602B58C923001FB88C /* Navigator+Controller.swift */; };
		BCCCC6662B595409001FB88C /* UITableView+Reusable.swift in Sources */ = {isa = PBXBuildFile; fileRef = BCCCC6652B595409001FB88C /* UITableView+Reusable.swift */; };
		BCCCC6682B5962D1001FB88C /* MVVMBaseViewController.swift in Sources */ = {isa = PBXBuildFile; fileRef = BCCCC6672B5962D1001FB88C /* MVVMBaseViewController.swift */; };
		BCFDCAA12B2B0DF40069AA9C /* MainViewModel.swift in Sources */ = {isa = PBXBuildFile; fileRef = BCFDCAA02B2B0DF40069AA9C /* MainViewModel.swift */; };
		E014B5102BF7070500AB6F29 /* RxSwiftGitHubSearchController.swift in Sources */ = {isa = PBXBuildFile; fileRef = E014B50F2BF7070500AB6F29 /* RxSwiftGitHubSearchController.swift */; };
		E014B5122BF7076900AB6F29 /* RxSwiftGitHubSearchViewModel.swift in Sources */ = {isa = PBXBuildFile; fileRef = E014B5112BF7076900AB6F29 /* RxSwiftGitHubSearchViewModel.swift */; };
		E014B5142BF707BB00AB6F29 /* CombineGitHubSearchController.swift in Sources */ = {isa = PBXBuildFile; fileRef = E014B5132BF707BB00AB6F29 /* CombineGitHubSearchController.swift */; };
		E014B5162BF707DC00AB6F29 /* CombineGitHubSearchViewModel.swift in Sources */ = {isa = PBXBuildFile; fileRef = E014B5152BF707DC00AB6F29 /* CombineGitHubSearchViewModel.swift */; };
		E014B51A2BF75D2E00AB6F29 /* NetworkingService.swift in Sources */ = {isa = PBXBuildFile; fileRef = E014B5192BF75D2E00AB6F29 /* NetworkingService.swift */; };
		E014B51E2BFDDA4B00AB6F29 /* GitHubAPI.swift in Sources */ = {isa = PBXBuildFile; fileRef = E014B51D2BFDDA4B00AB6F29 /* GitHubAPI.swift */; };
		E014B5202BFDDAAD00AB6F29 /* AModuleAPI.swift in Sources */ = {isa = PBXBuildFile; fileRef = E014B51F2BFDDAAD00AB6F29 /* AModuleAPI.swift */; };
		E014B5232BFDDD0E00AB6F29 /* File.swift in Sources */ = {isa = PBXBuildFile; fileRef = E014B5222BFDDD0E00AB6F29 /* File.swift */; };
		E014B5252BFDEEE600AB6F29 /* NetworkingAPI.swift in Sources */ = {isa = PBXBuildFile; fileRef = E014B5242BFDEEE600AB6F29 /* NetworkingAPI.swift */; };
		E17F29D62C5E53FAEE0403F7 /* Pods_SwiftApp.framework in Frameworks */ = {isa = PBXBuildFile; fileRef = 2CF8DFED88B4E0DECA182607 /* Pods_SwiftApp.framework */; };
/* End PBXBuildFile section */

/* Begin PBXFileReference section */
		2CF8DFED88B4E0DECA182607 /* Pods_SwiftApp.framework */ = {isa = PBXFileReference; explicitFileType = wrapper.framework; includeInIndex = 0; path = Pods_SwiftApp.framework; sourceTree = BUILT_PRODUCTS_DIR; };
		BC039E502B137F7D00EA4CC9 /* SwiftApp.app */ = {isa = PBXFileReference; explicitFileType = wrapper.application; includeInIndex = 0; path = SwiftApp.app; sourceTree = BUILT_PRODUCTS_DIR; };
		BC039E532B137F7D00EA4CC9 /* AppDelegate.swift */ = {isa = PBXFileReference; lastKnownFileType = sourcecode.swift; path = AppDelegate.swift; sourceTree = "<group>"; };
		BC039E572B137F7D00EA4CC9 /* ViewController.swift */ = {isa = PBXFileReference; lastKnownFileType = sourcecode.swift; path = ViewController.swift; sourceTree = "<group>"; };
		BC039E5A2B137F7D00EA4CC9 /* Base */ = {isa = PBXFileReference; lastKnownFileType = file.storyboard; name = Base; path = Base.lproj/Main.storyboard; sourceTree = "<group>"; };
		BC039E5C2B137F8000EA4CC9 /* Assets.xcassets */ = {isa = PBXFileReference; lastKnownFileType = folder.assetcatalog; path = Assets.xcassets; sourceTree = "<group>"; };
		BC039E5F2B137F8000EA4CC9 /* Base */ = {isa = PBXFileReference; lastKnownFileType = file.storyboard; name = Base; path = Base.lproj/LaunchScreen.storyboard; sourceTree = "<group>"; };
		BC039E612B137F8000EA4CC9 /* Info.plist */ = {isa = PBXFileReference; lastKnownFileType = text.plist.xml; path = Info.plist; sourceTree = "<group>"; };
		BC079A522B2C449A002C9B40 /* MVCViewController.swift */ = {isa = PBXFileReference; lastKnownFileType = sourcecode.swift; path = MVCViewController.swift; sourceTree = "<group>"; };
		BC079A552B2C4A61002C9B40 /* ThrottledTextFieldValidator.swift */ = {isa = PBXFileReference; lastKnownFileType = sourcecode.swift; path = ThrottledTextFieldValidator.swift; sourceTree = "<group>"; };
		BC079A572B2C4D8D002C9B40 /* Throttle.swift */ = {isa = PBXFileReference; lastKnownFileType = sourcecode.swift; path = Throttle.swift; sourceTree = "<group>"; };
		BC079A592B2C4E31002C9B40 /* CancellableReposFetcher.swift */ = {isa = PBXFileReference; lastKnownFileType = sourcecode.swift; path = CancellableReposFetcher.swift; sourceTree = "<group>"; };
		BC079A5B2B2C4E9C002C9B40 /* Repo.swift */ = {isa = PBXFileReference; lastKnownFileType = sourcecode.swift; path = Repo.swift; sourceTree = "<group>"; };
		BC079A5D2B2D78B9002C9B40 /* MyTableViewDataSource.swift */ = {isa = PBXFileReference; lastKnownFileType = sourcecode.swift; path = MyTableViewDataSource.swift; sourceTree = "<group>"; };
		BC079A602B2D8C95002C9B40 /* MVPViewController.swift */ = {isa = PBXFileReference; lastKnownFileType = sourcecode.swift; path = MVPViewController.swift; sourceTree = "<group>"; };
		BC079A622B2D8D92002C9B40 /* MVPViewModel.swift */ = {isa = PBXFileReference; lastKnownFileType = sourcecode.swift; path = MVPViewModel.swift; sourceTree = "<group>"; };
		BC26B0382B54EBD900EF0E2D /* MVVMClosuresViewController.swift */ = {isa = PBXFileReference; lastKnownFileType = sourcecode.swift; path = MVVMClosuresViewController.swift; sourceTree = "<group>"; };
		BC26B03A2B54EC2A00EF0E2D /* MVVMClosuresViewModel.swift */ = {isa = PBXFileReference; lastKnownFileType = sourcecode.swift; path = MVVMClosuresViewModel.swift; sourceTree = "<group>"; };
		BC26B03F2B5514CA00EF0E2D /* FunctionsSubjectsController.swift */ = {isa = PBXFileReference; lastKnownFileType = sourcecode.swift; path = FunctionsSubjectsController.swift; sourceTree = "<group>"; };
		BC26B0412B5514DB00EF0E2D /* FunctionsSubjectsViewModel.swift */ = {isa = PBXFileReference; lastKnownFileType = sourcecode.swift; path = FunctionsSubjectsViewModel.swift; sourceTree = "<group>"; };
		BC26B0432B5514F400EF0E2D /* RxSwiftSubjectsController.swift */ = {isa = PBXFileReference; lastKnownFileType = sourcecode.swift; path = RxSwiftSubjectsController.swift; sourceTree = "<group>"; };
		BC26B0452B55150100EF0E2D /* RxSwiftSubjectsViewModel.swift */ = {isa = PBXFileReference; lastKnownFileType = sourcecode.swift; path = RxSwiftSubjectsViewModel.swift; sourceTree = "<group>"; };
		BC26B0472B55151F00EF0E2D /* RxSwiftPureViewController.swift */ = {isa = PBXFileReference; lastKnownFileType = sourcecode.swift; path = RxSwiftPureViewController.swift; sourceTree = "<group>"; };
		BC26B0492B55152D00EF0E2D /* RxSwiftPureViewModel.swift */ = {isa = PBXFileReference; lastKnownFileType = sourcecode.swift; path = RxSwiftPureViewModel.swift; sourceTree = "<group>"; };
		BC27D9122B578C5F001A1B17 /* UIViewController+Rx.swift */ = {isa = PBXFileReference; lastKnownFileType = sourcecode.swift; path = "UIViewController+Rx.swift"; sourceTree = "<group>"; };
		BC27D9142B57AE7F001A1B17 /* AppEnvironment.swift */ = {isa = PBXFileReference; lastKnownFileType = sourcecode.swift; path = AppEnvironment.swift; sourceTree = "<group>"; };
		BC2952612B201BBD008FCD51 /* Navigator.swift */ = {isa = PBXFileReference; lastKnownFileType = sourcecode.swift; path = Navigator.swift; sourceTree = "<group>"; };
		BC2952642B201D9E008FCD51 /* ViewModel.swift */ = {isa = PBXFileReference; lastKnownFileType = sourcecode.swift; path = ViewModel.swift; sourceTree = "<group>"; };
		BC2952732B20226D008FCD51 /* TableView.swift */ = {isa = PBXFileReference; lastKnownFileType = sourcecode.swift; path = TableView.swift; sourceTree = "<group>"; };
		BC2952752B20236D008FCD51 /* TableViewController.swift */ = {isa = PBXFileReference; lastKnownFileType = sourcecode.swift; path = TableViewController.swift; sourceTree = "<group>"; };
		BC2952772B20238C008FCD51 /* BaseViewController.swift */ = {isa = PBXFileReference; lastKnownFileType = sourcecode.swift; path = BaseViewController.swift; sourceTree = "<group>"; };
		BC29527D2B202662008FCD51 /* ActivityIndicator.swift */ = {isa = PBXFileReference; fileEncoding = 4; lastKnownFileType = sourcecode.swift; path = ActivityIndicator.swift; sourceTree = "<group>"; };
		BC2952802B2027EF008FCD51 /* LogManager.swift */ = {isa = PBXFileReference; fileEncoding = 4; lastKnownFileType = sourcecode.swift; path = LogManager.swift; sourceTree = "<group>"; };
		BC2952842B2042AF008FCD51 /* R.generated.swift */ = {isa = PBXFileReference; fileEncoding = 4; lastKnownFileType = sourcecode.swift; path = R.generated.swift; sourceTree = "<group>"; };
		BC29528F2B204A5C008FCD51 /* en */ = {isa = PBXFileReference; lastKnownFileType = text.plist.strings; name = en; path = en.lproj/Localizable.strings; sourceTree = "<group>"; };
		BC2952912B204AB7008FCD51 /* zh-Hans */ = {isa = PBXFileReference; lastKnownFileType = text.plist.strings; name = "zh-Hans"; path = "zh-Hans.lproj/Localizable.strings"; sourceTree = "<group>"; };
		BC2952922B2057DA008FCD51 /* NavigationController.swift */ = {isa = PBXFileReference; lastKnownFileType = sourcecode.swift; path = NavigationController.swift; sourceTree = "<group>"; };
		BC2952942B2063D2008FCD51 /* ThemeManager.swift */ = {isa = PBXFileReference; lastKnownFileType = sourcecode.swift; path = ThemeManager.swift; sourceTree = "<group>"; };
		BC29529D2B20CE51008FCD51 /* MySection.swift */ = {isa = PBXFileReference; lastKnownFileType = sourcecode.swift; path = MySection.swift; sourceTree = "<group>"; };
		BCA509852B18CBF100C37801 /* Application.swift */ = {isa = PBXFileReference; lastKnownFileType = sourcecode.swift; path = Application.swift; sourceTree = "<group>"; };
		BCA5098C2B18E53E00C37801 /* LibsManager.swift */ = {isa = PBXFileReference; lastKnownFileType = sourcecode.swift; path = LibsManager.swift; sourceTree = "<group>"; };
		BCCCC6602B58C923001FB88C /* Navigator+Controller.swift */ = {isa = PBXFileReference; lastKnownFileType = sourcecode.swift; path = "Navigator+Controller.swift"; sourceTree = "<group>"; };
		BCCCC6652B595409001FB88C /* UITableView+Reusable.swift */ = {isa = PBXFileReference; lastKnownFileType = sourcecode.swift; path = "UITableView+Reusable.swift"; sourceTree = "<group>"; };
		BCCCC6672B5962D1001FB88C /* MVVMBaseViewController.swift */ = {isa = PBXFileReference; lastKnownFileType = sourcecode.swift; path = MVVMBaseViewController.swift; sourceTree = "<group>"; };
		BCFDCAA02B2B0DF40069AA9C /* MainViewModel.swift */ = {isa = PBXFileReference; lastKnownFileType = sourcecode.swift; path = MainViewModel.swift; sourceTree = "<group>"; };
		C453D7D0CFE14089DE78EC9D /* Pods-SwiftApp.debug.xcconfig */ = {isa = PBXFileReference; includeInIndex = 1; lastKnownFileType = text.xcconfig; name = "Pods-SwiftApp.debug.xcconfig"; path = "Target Support Files/Pods-SwiftApp/Pods-SwiftApp.debug.xcconfig"; sourceTree = "<group>"; };
		CFDFDE8DEC4272F6253D362E /* Pods-SwiftApp.release.xcconfig */ = {isa = PBXFileReference; includeInIndex = 1; lastKnownFileType = text.xcconfig; name = "Pods-SwiftApp.release.xcconfig"; path = "Target Support Files/Pods-SwiftApp/Pods-SwiftApp.release.xcconfig"; sourceTree = "<group>"; };
		E014B50F2BF7070500AB6F29 /* RxSwiftGitHubSearchController.swift */ = {isa = PBXFileReference; lastKnownFileType = sourcecode.swift; path = RxSwiftGitHubSearchController.swift; sourceTree = "<group>"; };
		E014B5112BF7076900AB6F29 /* RxSwiftGitHubSearchViewModel.swift */ = {isa = PBXFileReference; lastKnownFileType = sourcecode.swift; path = RxSwiftGitHubSearchViewModel.swift; sourceTree = "<group>"; };
		E014B5132BF707BB00AB6F29 /* CombineGitHubSearchController.swift */ = {isa = PBXFileReference; lastKnownFileType = sourcecode.swift; path = CombineGitHubSearchController.swift; sourceTree = "<group>"; };
		E014B5152BF707DC00AB6F29 /* CombineGitHubSearchViewModel.swift */ = {isa = PBXFileReference; lastKnownFileType = sourcecode.swift; path = CombineGitHubSearchViewModel.swift; sourceTree = "<group>"; };
		E014B5192BF75D2E00AB6F29 /* NetworkingService.swift */ = {isa = PBXFileReference; lastKnownFileType = sourcecode.swift; path = NetworkingService.swift; sourceTree = "<group>"; };
		E014B51D2BFDDA4B00AB6F29 /* GitHubAPI.swift */ = {isa = PBXFileReference; lastKnownFileType = sourcecode.swift; path = GitHubAPI.swift; sourceTree = "<group>"; };
		E014B51F2BFDDAAD00AB6F29 /* AModuleAPI.swift */ = {isa = PBXFileReference; lastKnownFileType = sourcecode.swift; path = AModuleAPI.swift; sourceTree = "<group>"; };
		E014B5222BFDDD0E00AB6F29 /* File.swift */ = {isa = PBXFileReference; lastKnownFileType = sourcecode.swift; path = File.swift; sourceTree = "<group>"; };
		E014B5242BFDEEE600AB6F29 /* NetworkingAPI.swift */ = {isa = PBXFileReference; lastKnownFileType = sourcecode.swift; path = NetworkingAPI.swift; sourceTree = "<group>"; };
/* End PBXFileReference section */

/* Begin PBXFrameworksBuildPhase section */
		BC039E4D2B137F7D00EA4CC9 /* Frameworks */ = {
			isa = PBXFrameworksBuildPhase;
			buildActionMask = 2147483647;
			files = (
				E17F29D62C5E53FAEE0403F7 /* Pods_SwiftApp.framework in Frameworks */,
			);
			runOnlyForDeploymentPostprocessing = 0;
		};
/* End PBXFrameworksBuildPhase section */

/* Begin PBXGroup section */
		12A80CBBDA16E73057BBA4D0 /* Frameworks */ = {
			isa = PBXGroup;
			children = (
				2CF8DFED88B4E0DECA182607 /* Pods_SwiftApp.framework */,
			);
			name = Frameworks;
			sourceTree = "<group>";
		};
		25FFB875DA9380DA3D5E32BC /* Pods */ = {
			isa = PBXGroup;
			children = (
				C453D7D0CFE14089DE78EC9D /* Pods-SwiftApp.debug.xcconfig */,
				CFDFDE8DEC4272F6253D362E /* Pods-SwiftApp.release.xcconfig */,
			);
			path = Pods;
			sourceTree = "<group>";
		};
		BC039E472B137F7D00EA4CC9 = {
			isa = PBXGroup;
			children = (
				BC039E522B137F7D00EA4CC9 /* SwiftApp */,
				BC039E512B137F7D00EA4CC9 /* Products */,
				25FFB875DA9380DA3D5E32BC /* Pods */,
				12A80CBBDA16E73057BBA4D0 /* Frameworks */,
			);
			sourceTree = "<group>";
		};
		BC039E512B137F7D00EA4CC9 /* Products */ = {
			isa = PBXGroup;
			children = (
				BC039E502B137F7D00EA4CC9 /* SwiftApp.app */,
			);
			name = Products;
			sourceTree = "<group>";
		};
		BC039E522B137F7D00EA4CC9 /* SwiftApp */ = {
			isa = PBXGroup;
			children = (
				E014B5212BFDDCDF00AB6F29 /* Configs */,
				BC2952962B20CCC0008FCD51 /* Networking */,
				BC2952832B20308F008FCD51 /* Resources */,
				BC2952792B202662008FCD51 /* Third Party */,
				BC2952632B201D6E008FCD51 /* Common */,
				BCA5098B2B18E51F00C37801 /* Managers */,
				BCA509842B18CBA400C37801 /* Application */,
				BCA509892B18E4E800C37801 /* Modules */,
				BC039E592B137F7D00EA4CC9 /* Main.storyboard */,
				BC039E5C2B137F8000EA4CC9 /* Assets.xcassets */,
				BC039E5E2B137F8000EA4CC9 /* LaunchScreen.storyboard */,
				BC039E612B137F8000EA4CC9 /* Info.plist */,
			);
			path = SwiftApp;
			sourceTree = "<group>";
		};
		BC079A512B2C3895002C9B40 /* MVC */ = {
			isa = PBXGroup;
			children = (
				BC079A522B2C449A002C9B40 /* MVCViewController.swift */,
				BC079A5D2B2D78B9002C9B40 /* MyTableViewDataSource.swift */,
				BC079A5B2B2C4E9C002C9B40 /* Repo.swift */,
			);
			path = MVC;
			sourceTree = "<group>";
		};
		BC079A542B2C4A29002C9B40 /* Utils */ = {
			isa = PBXGroup;
			children = (
				BC079A552B2C4A61002C9B40 /* ThrottledTextFieldValidator.swift */,
				BC079A592B2C4E31002C9B40 /* CancellableReposFetcher.swift */,
				BC079A572B2C4D8D002C9B40 /* Throttle.swift */,
				BC27D9122B578C5F001A1B17 /* UIViewController+Rx.swift */,
			);
			path = Utils;
			sourceTree = "<group>";
		};
		BC079A5F2B2D8C70002C9B40 /* MVP */ = {
			isa = PBXGroup;
			children = (
				BC079A602B2D8C95002C9B40 /* MVPViewController.swift */,
				BC079A622B2D8D92002C9B40 /* MVPViewModel.swift */,
			);
			path = MVP;
			sourceTree = "<group>";
		};
		BC26B0362B54EB3600EF0E2D /* MVVM */ = {
			isa = PBXGroup;
			children = (
				BC26B03E2B55147B00EF0E2D /* 3_RxSwiftPure */,
				BC26B03D2B55146500EF0E2D /* 2_RxSwiftSubjects */,
				BC26B03C2B5513C800EF0E2D /* 1_FunctionsSubjects */,
				BC26B0372B54EBA300EF0E2D /* 0_Closures */,
			);
			path = MVVM;
			sourceTree = "<group>";
		};
		BC26B0372B54EBA300EF0E2D /* 0_Closures */ = {
			isa = PBXGroup;
			children = (
				BC26B0382B54EBD900EF0E2D /* MVVMClosuresViewController.swift */,
				BC26B03A2B54EC2A00EF0E2D /* MVVMClosuresViewModel.swift */,
			);
			path = 0_Closures;
			sourceTree = "<group>";
		};
		BC26B03C2B5513C800EF0E2D /* 1_FunctionsSubjects */ = {
			isa = PBXGroup;
			children = (
				BC26B03F2B5514CA00EF0E2D /* FunctionsSubjectsController.swift */,
				BC26B0412B5514DB00EF0E2D /* FunctionsSubjectsViewModel.swift */,
			);
			path = 1_FunctionsSubjects;
			sourceTree = "<group>";
		};
		BC26B03D2B55146500EF0E2D /* 2_RxSwiftSubjects */ = {
			isa = PBXGroup;
			children = (
				BC26B0432B5514F400EF0E2D /* RxSwiftSubjectsController.swift */,
				BC26B0452B55150100EF0E2D /* RxSwiftSubjectsViewModel.swift */,
			);
			path = 2_RxSwiftSubjects;
			sourceTree = "<group>";
		};
		BC26B03E2B55147B00EF0E2D /* 3_RxSwiftPure */ = {
			isa = PBXGroup;
			children = (
				BC26B0472B55151F00EF0E2D /* RxSwiftPureViewController.swift */,
				BCCCC6672B5962D1001FB88C /* MVVMBaseViewController.swift */,
				BC26B0492B55152D00EF0E2D /* RxSwiftPureViewModel.swift */,
			);
			path = 3_RxSwiftPure;
			sourceTree = "<group>";
		};
		BC2952632B201D6E008FCD51 /* Common */ = {
			isa = PBXGroup;
			children = (
				BCCCC6642B5953B4001FB88C /* Category */,
				BC079A542B2C4A29002C9B40 /* Utils */,
				BC2952722B20224C008FCD51 /* CommonUI */,
				BC2952642B201D9E008FCD51 /* ViewModel.swift */,
			);
			path = Common;
			sourceTree = "<group>";
		};
		BC2952722B20224C008FCD51 /* CommonUI */ = {
			isa = PBXGroup;
			children = (
				BC2952732B20226D008FCD51 /* TableView.swift */,
				BC2952752B20236D008FCD51 /* TableViewController.swift */,
				BC2952772B20238C008FCD51 /* BaseViewController.swift */,
				BC2952922B2057DA008FCD51 /* NavigationController.swift */,
			);
			path = CommonUI;
			sourceTree = "<group>";
		};
		BC2952792B202662008FCD51 /* Third Party */ = {
			isa = PBXGroup;
			children = (
				BC29527C2B202662008FCD51 /* RxActivityIndicator */,
			);
			path = "Third Party";
			sourceTree = "<group>";
		};
		BC29527C2B202662008FCD51 /* RxActivityIndicator */ = {
			isa = PBXGroup;
			children = (
				BC29527D2B202662008FCD51 /* ActivityIndicator.swift */,
			);
			path = RxActivityIndicator;
			sourceTree = "<group>";
		};
		BC2952832B20308F008FCD51 /* Resources */ = {
			isa = PBXGroup;
			children = (
				BC2952842B2042AF008FCD51 /* R.generated.swift */,
				BC2952902B204A5C008FCD51 /* Localizable.strings */,
			);
			path = Resources;
			sourceTree = "<group>";
		};
		BC2952962B20CCC0008FCD51 /* Networking */ = {
			isa = PBXGroup;
			children = (
				E014B5192BF75D2E00AB6F29 /* NetworkingService.swift */,
				BC27D9142B57AE7F001A1B17 /* AppEnvironment.swift */,
				E014B51D2BFDDA4B00AB6F29 /* GitHubAPI.swift */,
				E014B51F2BFDDAAD00AB6F29 /* AModuleAPI.swift */,
				E014B5242BFDEEE600AB6F29 /* NetworkingAPI.swift */,
			);
			path = Networking;
			sourceTree = "<group>";
		};
		BCA509842B18CBA400C37801 /* Application */ = {
			isa = PBXGroup;
			children = (
				BC039E532B137F7D00EA4CC9 /* AppDelegate.swift */,
				BCA509852B18CBF100C37801 /* Application.swift */,
				BC2952612B201BBD008FCD51 /* Navigator.swift */,
				BCCCC6602B58C923001FB88C /* Navigator+Controller.swift */,
			);
			path = Application;
			sourceTree = "<group>";
		};
		BCA509892B18E4E800C37801 /* Modules */ = {
			isa = PBXGroup;
			children = (
				E014B50C2BF7062D00AB6F29 /* GitHub */,
				BC26B0362B54EB3600EF0E2D /* MVVM */,
				BC079A5F2B2D8C70002C9B40 /* MVP */,
				BC079A512B2C3895002C9B40 /* MVC */,
				BCA5098A2B18E4F100C37801 /* Main */,
			);
			path = Modules;
			sourceTree = "<group>";
		};
		BCA5098A2B18E4F100C37801 /* Main */ = {
			isa = PBXGroup;
			children = (
				BC039E572B137F7D00EA4CC9 /* ViewController.swift */,
				BCFDCAA02B2B0DF40069AA9C /* MainViewModel.swift */,
				BC29529D2B20CE51008FCD51 /* MySection.swift */,
			);
			path = Main;
			sourceTree = "<group>";
		};
		BCA5098B2B18E51F00C37801 /* Managers */ = {
			isa = PBXGroup;
			children = (
				BC2952802B2027EF008FCD51 /* LogManager.swift */,
				BCA5098C2B18E53E00C37801 /* LibsManager.swift */,
				BC2952942B2063D2008FCD51 /* ThemeManager.swift */,
			);
			path = Managers;
			sourceTree = "<group>";
		};
		BCCCC6642B5953B4001FB88C /* Category */ = {
			isa = PBXGroup;
			children = (
				BCCCC6652B595409001FB88C /* UITableView+Reusable.swift */,
			);
			path = Category;
			sourceTree = "<group>";
		};
		E014B50C2BF7062D00AB6F29 /* GitHub */ = {
			isa = PBXGroup;
			children = (
				E014B50E2BF7067100AB6F29 /* Combine */,
				E014B50D2BF7066100AB6F29 /* RxSwift */,
			);
			path = GitHub;
			sourceTree = "<group>";
		};
		E014B50D2BF7066100AB6F29 /* RxSwift */ = {
			isa = PBXGroup;
			children = (
				E014B50F2BF7070500AB6F29 /* RxSwiftGitHubSearchController.swift */,
				E014B5112BF7076900AB6F29 /* RxSwiftGitHubSearchViewModel.swift */,
			);
			path = RxSwift;
			sourceTree = "<group>";
		};
		E014B50E2BF7067100AB6F29 /* Combine */ = {
			isa = PBXGroup;
			children = (
				E014B5132BF707BB00AB6F29 /* CombineGitHubSearchController.swift */,
				E014B5152BF707DC00AB6F29 /* CombineGitHubSearchViewModel.swift */,
			);
			path = Combine;
			sourceTree = "<group>";
		};
		E014B5212BFDDCDF00AB6F29 /* Configs */ = {
			isa = PBXGroup;
			children = (
				E014B5222BFDDD0E00AB6F29 /* File.swift */,
			);
			path = Configs;
			sourceTree = "<group>";
		};
/* End PBXGroup section */

/* Begin PBXNativeTarget section */
		BC039E4F2B137F7D00EA4CC9 /* SwiftApp */ = {
			isa = PBXNativeTarget;
			buildConfigurationList = BC039E642B137F8000EA4CC9 /* Build configuration list for PBXNativeTarget "SwiftApp" */;
			buildPhases = (
				14F0934D38EC2E9DCC6E7316 /* [CP] Check Pods Manifest.lock */,
				BC2952822B203041008FCD51 /* R.swift */,
				BC039E4C2B137F7D00EA4CC9 /* Sources */,
				BC039E4D2B137F7D00EA4CC9 /* Frameworks */,
				BC039E4E2B137F7D00EA4CC9 /* Resources */,
				4D7762FD228C105C88B857FC /* [CP] Embed Pods Frameworks */,
				BC4398B82B1477C50042087C /* SwiftLint */,
			);
			buildRules = (
			);
			dependencies = (
			);
			name = SwiftApp;
			productName = SwiftApp;
			productReference = BC039E502B137F7D00EA4CC9 /* SwiftApp.app */;
			productType = "com.apple.product-type.application";
		};
/* End PBXNativeTarget section */

/* Begin PBXProject section */
		BC039E482B137F7D00EA4CC9 /* Project object */ = {
			isa = PBXProject;
			attributes = {
				BuildIndependentTargetsInParallel = 1;
				LastSwiftUpdateCheck = 1500;
				LastUpgradeCheck = 1500;
				TargetAttributes = {
					BC039E4F2B137F7D00EA4CC9 = {
						CreatedOnToolsVersion = 15.0.1;
					};
				};
			};
			buildConfigurationList = BC039E4B2B137F7D00EA4CC9 /* Build configuration list for PBXProject "SwiftApp" */;
			compatibilityVersion = "Xcode 15.0";
			developmentRegion = en;
			hasScannedForEncodings = 0;
			knownRegions = (
				en,
				Base,
				"zh-Hans",
			);
			mainGroup = BC039E472B137F7D00EA4CC9;
			productRefGroup = BC039E512B137F7D00EA4CC9 /* Products */;
			projectDirPath = "";
			projectRoot = "";
			targets = (
				BC039E4F2B137F7D00EA4CC9 /* SwiftApp */,
			);
		};
/* End PBXProject section */

/* Begin PBXResourcesBuildPhase section */
		BC039E4E2B137F7D00EA4CC9 /* Resources */ = {
			isa = PBXResourcesBuildPhase;
			buildActionMask = 2147483647;
			files = (
				BC29528E2B204A5C008FCD51 /* Localizable.strings in Resources */,
				BC039E602B137F8000EA4CC9 /* LaunchScreen.storyboard in Resources */,
				BC039E5D2B137F8000EA4CC9 /* Assets.xcassets in Resources */,
				BC039E5B2B137F7D00EA4CC9 /* Main.storyboard in Resources */,
			);
			runOnlyForDeploymentPostprocessing = 0;
		};
/* End PBXResourcesBuildPhase section */

/* Begin PBXShellScriptBuildPhase section */
		14F0934D38EC2E9DCC6E7316 /* [CP] Check Pods Manifest.lock */ = {
			isa = PBXShellScriptBuildPhase;
			buildActionMask = 2147483647;
			files = (
			);
			inputFileListPaths = (
			);
			inputPaths = (
				"${PODS_PODFILE_DIR_PATH}/Podfile.lock",
				"${PODS_ROOT}/Manifest.lock",
			);
			name = "[CP] Check Pods Manifest.lock";
			outputFileListPaths = (
			);
			outputPaths = (
				"$(DERIVED_FILE_DIR)/Pods-SwiftApp-checkManifestLockResult.txt",
			);
			runOnlyForDeploymentPostprocessing = 0;
			shellPath = /bin/sh;
			shellScript = "diff \"${PODS_PODFILE_DIR_PATH}/Podfile.lock\" \"${PODS_ROOT}/Manifest.lock\" > /dev/null\nif [ $? != 0 ] ; then\n    # print error to STDERR\n    echo \"error: The sandbox is not in sync with the Podfile.lock. Run 'pod install' or update your CocoaPods installation.\" >&2\n    exit 1\nfi\n# This output is used by Xcode 'outputs' to avoid re-running this script phase.\necho \"SUCCESS\" > \"${SCRIPT_OUTPUT_FILE_0}\"\n";
			showEnvVarsInLog = 0;
		};
		4D7762FD228C105C88B857FC /* [CP] Embed Pods Frameworks */ = {
			isa = PBXShellScriptBuildPhase;
			buildActionMask = 2147483647;
			files = (
			);
			inputFileListPaths = (
				"${PODS_ROOT}/Target Support Files/Pods-SwiftApp/Pods-SwiftApp-frameworks-${CONFIGURATION}-input-files.xcfilelist",
			);
			name = "[CP] Embed Pods Frameworks";
			outputFileListPaths = (
				"${PODS_ROOT}/Target Support Files/Pods-SwiftApp/Pods-SwiftApp-frameworks-${CONFIGURATION}-output-files.xcfilelist",
			);
			runOnlyForDeploymentPostprocessing = 0;
			shellPath = /bin/sh;
			shellScript = "\"${PODS_ROOT}/Target Support Files/Pods-SwiftApp/Pods-SwiftApp-frameworks.sh\"\n";
			showEnvVarsInLog = 0;
		};
		BC2952822B203041008FCD51 /* R.swift */ = {
			isa = PBXShellScriptBuildPhase;
			alwaysOutOfDate = 1;
			buildActionMask = 2147483647;
			files = (
			);
			inputFileListPaths = (
			);
			inputPaths = (
			);
			name = R.swift;
			outputFileListPaths = (
			);
			outputPaths = (
				$SRCROOT/SwiftApp/Resources/R.generated.swift,
			);
			runOnlyForDeploymentPostprocessing = 0;
			shellPath = /bin/sh;
			shellScript = "# Type a script or drag a script file from your workspace to insert its path.\n\"$PODS_ROOT/R.swift/rswift\" generate \"$SRCROOT/SwiftApp/Resources/R.generated.swift\"\n";
		};
		BC4398B82B1477C50042087C /* SwiftLint */ = {
			isa = PBXShellScriptBuildPhase;
			buildActionMask = 2147483647;
			files = (
			);
			inputFileListPaths = (
			);
			inputPaths = (
			);
			name = SwiftLint;
			outputFileListPaths = (
			);
			outputPaths = (
			);
			runOnlyForDeploymentPostprocessing = 0;
			shellPath = /bin/sh;
			shellScript = "\"${PODS_ROOT}/SwiftLint/swiftlint\"\n";
		};
/* End PBXShellScriptBuildPhase section */

/* Begin PBXSourcesBuildPhase section */
		BC039E4C2B137F7D00EA4CC9 /* Sources */ = {
			isa = PBXSourcesBuildPhase;
			buildActionMask = 2147483647;
			files = (
				BC27D9152B57AE7F001A1B17 /* AppEnvironment.swift in Sources */,
				BCA509862B18CBF100C37801 /* Application.swift in Sources */,
				E014B5142BF707BB00AB6F29 /* CombineGitHubSearchController.swift in Sources */,
				BCCCC6662B595409001FB88C /* UITableView+Reusable.swift in Sources */,
				BC2952852B2042AF008FCD51 /* R.generated.swift in Sources */,
				E014B5102BF7070500AB6F29 /* RxSwiftGitHubSearchController.swift in Sources */,
				BC26B0392B54EBD900EF0E2D /* MVVMClosuresViewController.swift in Sources */,
				BC079A5E2B2D78B9002C9B40 /* MyTableViewDataSource.swift in Sources */,
				BC2952812B2027F0008FCD51 /* LogManager.swift in Sources */,
				BC079A632B2D8D92002C9B40 /* MVPViewModel.swift in Sources */,
				BC26B04A2B55152D00EF0E2D /* RxSwiftPureViewModel.swift in Sources */,
				BC26B0462B55150100EF0E2D /* RxSwiftSubjectsViewModel.swift in Sources */,
				BC26B03B2B54EC2A00EF0E2D /* MVVMClosuresViewModel.swift in Sources */,
				BC079A582B2C4D8D002C9B40 /* Throttle.swift in Sources */,
				E014B5122BF7076900AB6F29 /* RxSwiftGitHubSearchViewModel.swift in Sources */,
				BC079A5A2B2C4E31002C9B40 /* CancellableReposFetcher.swift in Sources */,
				BC2952782B20238C008FCD51 /* BaseViewController.swift in Sources */,
				BC2952622B201BBD008FCD51 /* Navigator.swift in Sources */,
				E014B51A2BF75D2E00AB6F29 /* NetworkingService.swift in Sources */,
				BC26B0482B55151F00EF0E2D /* RxSwiftPureViewController.swift in Sources */,
				BC29527F2B202663008FCD51 /* ActivityIndicator.swift in Sources */,
				E014B5232BFDDD0E00AB6F29 /* File.swift in Sources */,
				BC2952932B2057DA008FCD51 /* NavigationController.swift in Sources */,
				BC079A5C2B2C4E9C002C9B40 /* Repo.swift in Sources */,
				BC079A532B2C449A002C9B40 /* MVCViewController.swift in Sources */,
				BCCCC6612B58C923001FB88C /* Navigator+Controller.swift in Sources */,
				BC2952762B20236D008FCD51 /* TableViewController.swift in Sources */,
				E014B5162BF707DC00AB6F29 /* CombineGitHubSearchViewModel.swift in Sources */,
				E014B51E2BFDDA4B00AB6F29 /* GitHubAPI.swift in Sources */,
				BC26B0442B5514F400EF0E2D /* RxSwiftSubjectsController.swift in Sources */,
				BC26B0422B5514DB00EF0E2D /* FunctionsSubjectsViewModel.swift in Sources */,
				BCCCC6682B5962D1001FB88C /* MVVMBaseViewController.swift in Sources */,
				BC29529E2B20CE51008FCD51 /* MySection.swift in Sources */,
				BC2952742B20226D008FCD51 /* TableView.swift in Sources */,
				BCFDCAA12B2B0DF40069AA9C /* MainViewModel.swift in Sources */,
				BC2952952B2063D2008FCD51 /* ThemeManager.swift in Sources */,
				BC27D9132B578C5F001A1B17 /* UIViewController+Rx.swift in Sources */,
				BCA5098D2B18E53E00C37801 /* LibsManager.swift in Sources */,
				E014B5252BFDEEE600AB6F29 /* NetworkingAPI.swift in Sources */,
				BC039E582B137F7D00EA4CC9 /* ViewController.swift in Sources */,
				BC079A612B2D8C95002C9B40 /* MVPViewController.swift in Sources */,
				BC26B0402B5514CA00EF0E2D /* FunctionsSubjectsController.swift in Sources */,
				E014B5202BFDDAAD00AB6F29 /* AModuleAPI.swift in Sources */,
				BC079A562B2C4A61002C9B40 /* ThrottledTextFieldValidator.swift in Sources */,
				BC2952652B201D9E008FCD51 /* ViewModel.swift in Sources */,
				BC039E542B137F7D00EA4CC9 /* AppDelegate.swift in Sources */,
			);
			runOnlyForDeploymentPostprocessing = 0;
		};
/* End PBXSourcesBuildPhase section */

/* Begin PBXVariantGroup section */
		BC039E592B137F7D00EA4CC9 /* Main.storyboard */ = {
			isa = PBXVariantGroup;
			children = (
				BC039E5A2B137F7D00EA4CC9 /* Base */,
			);
			name = Main.storyboard;
			sourceTree = "<group>";
		};
		BC039E5E2B137F8000EA4CC9 /* LaunchScreen.storyboard */ = {
			isa = PBXVariantGroup;
			children = (
				BC039E5F2B137F8000EA4CC9 /* Base */,
			);
			name = LaunchScreen.storyboard;
			sourceTree = "<group>";
		};
		BC2952902B204A5C008FCD51 /* Localizable.strings */ = {
			isa = PBXVariantGroup;
			children = (
				BC29528F2B204A5C008FCD51 /* en */,
				BC2952912B204AB7008FCD51 /* zh-Hans */,
			);
			name = Localizable.strings;
			sourceTree = "<group>";
		};
/* End PBXVariantGroup section */

/* Begin XCBuildConfiguration section */
		BC039E622B137F8000EA4CC9 /* Debug */ = {
			isa = XCBuildConfiguration;
			buildSettings = {
				ALWAYS_SEARCH_USER_PATHS = NO;
				ASSETCATALOG_COMPILER_GENERATE_SWIFT_ASSET_SYMBOL_EXTENSIONS = YES;
				CLANG_ANALYZER_LOCALIZABILITY_NONLOCALIZED = YES;
				CLANG_ANALYZER_NONNULL = YES;
				CLANG_ANALYZER_NUMBER_OBJECT_CONVERSION = YES_AGGRESSIVE;
				CLANG_CXX_LANGUAGE_STANDARD = "gnu++20";
				CLANG_ENABLE_MODULES = YES;
				CLANG_ENABLE_OBJC_ARC = YES;
				CLANG_ENABLE_OBJC_WEAK = YES;
				CLANG_WARN_BLOCK_CAPTURE_AUTORELEASING = YES;
				CLANG_WARN_BOOL_CONVERSION = YES;
				CLANG_WARN_COMMA = YES;
				CLANG_WARN_CONSTANT_CONVERSION = YES;
				CLANG_WARN_DEPRECATED_OBJC_IMPLEMENTATIONS = YES;
				CLANG_WARN_DIRECT_OBJC_ISA_USAGE = YES_ERROR;
				CLANG_WARN_DOCUMENTATION_COMMENTS = YES;
				CLANG_WARN_EMPTY_BODY = YES;
				CLANG_WARN_ENUM_CONVERSION = YES;
				CLANG_WARN_INFINITE_RECURSION = YES;
				CLANG_WARN_INT_CONVERSION = YES;
				CLANG_WARN_NON_LITERAL_NULL_CONVERSION = YES;
				CLANG_WARN_OBJC_IMPLICIT_RETAIN_SELF = YES;
				CLANG_WARN_OBJC_LITERAL_CONVERSION = YES;
				CLANG_WARN_OBJC_ROOT_CLASS = YES_ERROR;
				CLANG_WARN_QUOTED_INCLUDE_IN_FRAMEWORK_HEADER = YES;
				CLANG_WARN_RANGE_LOOP_ANALYSIS = YES;
				CLANG_WARN_STRICT_PROTOTYPES = YES;
				CLANG_WARN_SUSPICIOUS_MOVE = YES;
				CLANG_WARN_UNGUARDED_AVAILABILITY = YES_AGGRESSIVE;
				CLANG_WARN_UNREACHABLE_CODE = YES;
				CLANG_WARN__DUPLICATE_METHOD_MATCH = YES;
				COPY_PHASE_STRIP = NO;
				DEBUG_INFORMATION_FORMAT = dwarf;
				ENABLE_STRICT_OBJC_MSGSEND = YES;
				ENABLE_TESTABILITY = YES;
				ENABLE_USER_SCRIPT_SANDBOXING = YES;
				GCC_C_LANGUAGE_STANDARD = gnu17;
				GCC_DYNAMIC_NO_PIC = NO;
				GCC_NO_COMMON_BLOCKS = YES;
				GCC_OPTIMIZATION_LEVEL = 0;
				GCC_PREPROCESSOR_DEFINITIONS = (
					"DEBUG=1",
					"$(inherited)",
				);
				GCC_WARN_64_TO_32_BIT_CONVERSION = YES;
				GCC_WARN_ABOUT_RETURN_TYPE = YES_ERROR;
				GCC_WARN_UNDECLARED_SELECTOR = YES;
				GCC_WARN_UNINITIALIZED_AUTOS = YES_AGGRESSIVE;
				GCC_WARN_UNUSED_FUNCTION = YES;
				GCC_WARN_UNUSED_VARIABLE = YES;
				IPHONEOS_DEPLOYMENT_TARGET = 17.0;
				LOCALIZATION_PREFERS_STRING_CATALOGS = YES;
				MTL_ENABLE_DEBUG_INFO = INCLUDE_SOURCE;
				MTL_FAST_MATH = YES;
				ONLY_ACTIVE_ARCH = YES;
				SDKROOT = iphoneos;
				SWIFT_ACTIVE_COMPILATION_CONDITIONS = "DEBUG $(inherited)";
				SWIFT_OPTIMIZATION_LEVEL = "-Onone";
			};
			name = Debug;
		};
		BC039E632B137F8000EA4CC9 /* Release */ = {
			isa = XCBuildConfiguration;
			buildSettings = {
				ALWAYS_SEARCH_USER_PATHS = NO;
				ASSETCATALOG_COMPILER_GENERATE_SWIFT_ASSET_SYMBOL_EXTENSIONS = YES;
				CLANG_ANALYZER_LOCALIZABILITY_NONLOCALIZED = YES;
				CLANG_ANALYZER_NONNULL = YES;
				CLANG_ANALYZER_NUMBER_OBJECT_CONVERSION = YES_AGGRESSIVE;
				CLANG_CXX_LANGUAGE_STANDARD = "gnu++20";
				CLANG_ENABLE_MODULES = YES;
				CLANG_ENABLE_OBJC_ARC = YES;
				CLANG_ENABLE_OBJC_WEAK = YES;
				CLANG_WARN_BLOCK_CAPTURE_AUTORELEASING = YES;
				CLANG_WARN_BOOL_CONVERSION = YES;
				CLANG_WARN_COMMA = YES;
				CLANG_WARN_CONSTANT_CONVERSION = YES;
				CLANG_WARN_DEPRECATED_OBJC_IMPLEMENTATIONS = YES;
				CLANG_WARN_DIRECT_OBJC_ISA_USAGE = YES_ERROR;
				CLANG_WARN_DOCUMENTATION_COMMENTS = YES;
				CLANG_WARN_EMPTY_BODY = YES;
				CLANG_WARN_ENUM_CONVERSION = YES;
				CLANG_WARN_INFINITE_RECURSION = YES;
				CLANG_WARN_INT_CONVERSION = YES;
				CLANG_WARN_NON_LITERAL_NULL_CONVERSION = YES;
				CLANG_WARN_OBJC_IMPLICIT_RETAIN_SELF = YES;
				CLANG_WARN_OBJC_LITERAL_CONVERSION = YES;
				CLANG_WARN_OBJC_ROOT_CLASS = YES_ERROR;
				CLANG_WARN_QUOTED_INCLUDE_IN_FRAMEWORK_HEADER = YES;
				CLANG_WARN_RANGE_LOOP_ANALYSIS = YES;
				CLANG_WARN_STRICT_PROTOTYPES = YES;
				CLANG_WARN_SUSPICIOUS_MOVE = YES;
				CLANG_WARN_UNGUARDED_AVAILABILITY = YES_AGGRESSIVE;
				CLANG_WARN_UNREACHABLE_CODE = YES;
				CLANG_WARN__DUPLICATE_METHOD_MATCH = YES;
				COPY_PHASE_STRIP = NO;
				DEBUG_INFORMATION_FORMAT = "dwarf-with-dsym";
				ENABLE_NS_ASSERTIONS = NO;
				ENABLE_STRICT_OBJC_MSGSEND = YES;
				ENABLE_USER_SCRIPT_SANDBOXING = YES;
				GCC_C_LANGUAGE_STANDARD = gnu17;
				GCC_NO_COMMON_BLOCKS = YES;
				GCC_WARN_64_TO_32_BIT_CONVERSION = YES;
				GCC_WARN_ABOUT_RETURN_TYPE = YES_ERROR;
				GCC_WARN_UNDECLARED_SELECTOR = YES;
				GCC_WARN_UNINITIALIZED_AUTOS = YES_AGGRESSIVE;
				GCC_WARN_UNUSED_FUNCTION = YES;
				GCC_WARN_UNUSED_VARIABLE = YES;
				IPHONEOS_DEPLOYMENT_TARGET = 17.0;
				LOCALIZATION_PREFERS_STRING_CATALOGS = YES;
				MTL_ENABLE_DEBUG_INFO = NO;
				MTL_FAST_MATH = YES;
				SDKROOT = iphoneos;
				SWIFT_COMPILATION_MODE = wholemodule;
				VALIDATE_PRODUCT = YES;
			};
			name = Release;
		};
		BC039E652B137F8000EA4CC9 /* Debug */ = {
			isa = XCBuildConfiguration;
			baseConfigurationReference = C453D7D0CFE14089DE78EC9D /* Pods-SwiftApp.debug.xcconfig */;
			buildSettings = {
				ASSETCATALOG_COMPILER_APPICON_NAME = AppIcon;
				ASSETCATALOG_COMPILER_GLOBAL_ACCENT_COLOR_NAME = AccentColor;
				CODE_SIGN_STYLE = Automatic;
				CURRENT_PROJECT_VERSION = 1;
				ENABLE_USER_SCRIPT_SANDBOXING = NO;
				GENERATE_INFOPLIST_FILE = YES;
				INFOPLIST_FILE = SwiftApp/Info.plist;
				INFOPLIST_KEY_UIApplicationSupportsIndirectInputEvents = YES;
				INFOPLIST_KEY_UILaunchStoryboardName = LaunchScreen;
				INFOPLIST_KEY_UIMainStoryboardFile = Main;
				INFOPLIST_KEY_UISupportedInterfaceOrientations_iPad = "UIInterfaceOrientationPortrait UIInterfaceOrientationPortraitUpsideDown UIInterfaceOrientationLandscapeLeft UIInterfaceOrientationLandscapeRight";
				INFOPLIST_KEY_UISupportedInterfaceOrientations_iPhone = "UIInterfaceOrientationPortrait UIInterfaceOrientationLandscapeLeft UIInterfaceOrientationLandscapeRight";
				IPHONEOS_DEPLOYMENT_TARGET = 13.0;
				LD_RUNPATH_SEARCH_PATHS = (
					"$(inherited)",
					"@executable_path/Frameworks",
				);
				MARKETING_VERSION = 1.0;
				PRODUCT_BUNDLE_IDENTIFIER = com.kun.SwiftApp;
				PRODUCT_NAME = "$(TARGET_NAME)";
				SWIFT_EMIT_LOC_STRINGS = YES;
				SWIFT_VERSION = 5.0;
				TARGETED_DEVICE_FAMILY = "1,2";
			};
			name = Debug;
		};
		BC039E662B137F8000EA4CC9 /* Release */ = {
			isa = XCBuildConfiguration;
			baseConfigurationReference = CFDFDE8DEC4272F6253D362E /* Pods-SwiftApp.release.xcconfig */;
			buildSettings = {
				ASSETCATALOG_COMPILER_APPICON_NAME = AppIcon;
				ASSETCATALOG_COMPILER_GLOBAL_ACCENT_COLOR_NAME = AccentColor;
				CODE_SIGN_STYLE = Automatic;
				CURRENT_PROJECT_VERSION = 1;
				ENABLE_USER_SCRIPT_SANDBOXING = NO;
				GENERATE_INFOPLIST_FILE = YES;
				INFOPLIST_FILE = SwiftApp/Info.plist;
				INFOPLIST_KEY_UIApplicationSupportsIndirectInputEvents = YES;
				INFOPLIST_KEY_UILaunchStoryboardName = LaunchScreen;
				INFOPLIST_KEY_UIMainStoryboardFile = Main;
				INFOPLIST_KEY_UISupportedInterfaceOrientations_iPad = "UIInterfaceOrientationPortrait UIInterfaceOrientationPortraitUpsideDown UIInterfaceOrientationLandscapeLeft UIInterfaceOrientationLandscapeRight";
				INFOPLIST_KEY_UISupportedInterfaceOrientations_iPhone = "UIInterfaceOrientationPortrait UIInterfaceOrientationLandscapeLeft UIInterfaceOrientationLandscapeRight";
				IPHONEOS_DEPLOYMENT_TARGET = 13.0;
				LD_RUNPATH_SEARCH_PATHS = (
					"$(inherited)",
					"@executable_path/Frameworks",
				);
				MARKETING_VERSION = 1.0;
				PRODUCT_BUNDLE_IDENTIFIER = com.kun.SwiftApp;
				PRODUCT_NAME = "$(TARGET_NAME)";
				SWIFT_EMIT_LOC_STRINGS = YES;
				SWIFT_VERSION = 5.0;
				TARGETED_DEVICE_FAMILY = "1,2";
			};
			name = Release;
		};
/* End XCBuildConfiguration section */

/* Begin XCConfigurationList section */
		BC039E4B2B137F7D00EA4CC9 /* Build configuration list for PBXProject "SwiftApp" */ = {
			isa = XCConfigurationList;
			buildConfigurations = (
				BC039E622B137F8000EA4CC9 /* Debug */,
				BC039E632B137F8000EA4CC9 /* Release */,
			);
			defaultConfigurationIsVisible = 0;
			defaultConfigurationName = Release;
		};
		BC039E642B137F8000EA4CC9 /* Build configuration list for PBXNativeTarget "SwiftApp" */ = {
			isa = XCConfigurationList;
			buildConfigurations = (
				BC039E652B137F8000EA4CC9 /* Debug */,
				BC039E662B137F8000EA4CC9 /* Release */,
			);
			defaultConfigurationIsVisible = 0;
			defaultConfigurationName = Release;
		};
/* End XCConfigurationList section */
	};
	rootObject = BC039E482B137F7D00EA4CC9 /* Project object */;
}
